// !$*UTF8*$!
{
	archiveVersion = 1;
	classes = {
	};
	objectVersion = 46;
	objects = {

/* Begin PBXBuildFile section */
		FD694F291E93FC16003310DC /* AppDelegate.swift in Sources */ = {isa = PBXBuildFile; fileRef = FD694F281E93FC16003310DC /* AppDelegate.swift */; };
		FD694F2B1E93FC16003310DC /* ViewController.swift in Sources */ = {isa = PBXBuildFile; fileRef = FD694F2A1E93FC16003310DC /* ViewController.swift */; };
		FD694F2E1E93FC16003310DC /* Main.storyboard in Resources */ = {isa = PBXBuildFile; fileRef = FD694F2C1E93FC16003310DC /* Main.storyboard */; };
		FD694F301E93FC16003310DC /* Assets.xcassets in Resources */ = {isa = PBXBuildFile; fileRef = FD694F2F1E93FC16003310DC /* Assets.xcassets */; };
		FD694F331E93FC16003310DC /* LaunchScreen.storyboard in Resources */ = {isa = PBXBuildFile; fileRef = FD694F311E93FC16003310DC /* LaunchScreen.storyboard */; };
/* End PBXBuildFile section */

/* Begin PBXFileReference section */
		FD694F251E93FC16003310DC /* BTAFirst.app */ = {isa = PBXFileReference; explicitFileType = wrapper.application; includeInIndex = 0; path = BTAFirst.app; sourceTree = BUILT_PRODUCTS_DIR; };
		FD694F281E93FC16003310DC /* AppDelegate.swift */ = {isa = PBXFileReference; lastKnownFileType = sourcecode.swift; path = AppDelegate.swift; sourceTree = "<group>"; };
		FD694F2A1E93FC16003310DC /* ViewController.swift */ = {isa = PBXFileReference; lastKnownFileType = sourcecode.swift; path = ViewController.swift; sourceTree = "<group>"; };
		FD694F2D1E93FC16003310DC /* Base */ = {isa = PBXFileReference; lastKnownFileType = file.storyboard; name = Base; path = Base.lproj/Main.storyboard; sourceTree = "<group>"; };
		FD694F2F1E93FC16003310DC /* Assets.xcassets */ = {isa = PBXFileReference; lastKnownFileType = folder.assetcatalog; path = Assets.xcassets; sourceTree = "<group>"; };
		FD694F321E93FC16003310DC /* Base */ = {isa = PBXFileReference; lastKnownFileType = file.storyboard; name = Base; path = Base.lproj/LaunchScreen.storyboard; sourceTree = "<group>"; };
		FD694F341E93FC16003310DC /* Info.plist */ = {isa = PBXFileReference; lastKnownFileType = text.plist.xml; path = Info.plist; sourceTree = "<group>"; };
/* End PBXFileReference section */

/* Begin PBXFrameworksBuildPhase section */
		FD694F221E93FC16003310DC /* Frameworks */ = {
			isa = PBXFrameworksBuildPhase;
			buildActionMask = 2147483647;
			files = (
			);
			runOnlyForDeploymentPostprocessing = 0;
		};
/* End PBXFrameworksBuildPhase section */

/* Begin PBXGroup section */
		FD694F1C1E93FC16003310DC = {
			isa = PBXGroup;
			children = (
				FD694F271E93FC16003310DC /* BTAFirst */,
				FD694F261E93FC16003310DC /* Products */,
			);
			sourceTree = "<group>";
		};
		FD694F261E93FC16003310DC /* Products */ = {
			isa = PBXGroup;
			children = (
				FD694F251E93FC16003310DC /* BTAFirst.app */,
			);
			name = Products;
			sourceTree = "<group>";
		};
		FD694F271E93FC16003310DC /* BTAFirst */ = {
			isa = PBXGroup;
			children = (
				FD694F281E93FC16003310DC /* AppDelegate.swift */,
				FD694F2A1E93FC16003310DC /* ViewController.swift */,
				FD694F2C1E93FC16003310DC /* Main.storyboard */,
				FD694F2F1E93FC16003310DC /* Assets.xcassets */,
				FD694F311E93FC16003310DC /* LaunchScreen.storyboard */,
				FD694F341E93FC16003310DC /* Info.plist */,
			);
			path = BTAFirst;
			sourceTree = "<group>";
		};
/* End PBXGroup section */

/* Begin PBXNativeTarget section */
		FD694F241E93FC16003310DC /* BTAFirst */ = {
			isa = PBXNativeTarget;
			buildConfigurationList = FD694F371E93FC16003310DC /* Build configuration list for PBXNativeTarget "BTAFirst" */;
			buildPhases = (
				FD694F211E93FC16003310DC /* Sources */,
				FD694F221E93FC16003310DC /* Frameworks */,
				FD694F231E93FC16003310DC /* Resources */,
			);
			buildRules = (
			);
			dependencies = (
			);
			name = BTAFirst;
			productName = BTAFirst;
			productReference = FD694F251E93FC16003310DC /* BTAFirst.app */;
			productType = "com.apple.product-type.application";
		};
/* End PBXNativeTarget section */

/* Begin PBXProject section */
		FD694F1D1E93FC16003310DC /* Project object */ = {
			isa = PBXProject;
			attributes = {
				LastSwiftUpdateCheck = 0830;
				LastUpgradeCheck = 0830;
				ORGANIZATIONNAME = "MP Mac";
				TargetAttributes = {
					FD694F241E93FC16003310DC = {
						CreatedOnToolsVersion = 8.3;
						ProvisioningStyle = Automatic;
					};
				};
			};
			buildConfigurationList = FD694F201E93FC16003310DC /* Build configuration list for PBXProject "BTAFirst" */;
			compatibilityVersion = "Xcode 3.2";
			developmentRegion = English;
			hasScannedForEncodings = 0;
			knownRegions = (
				en,
				Base,
			);
			mainGroup = FD694F1C1E93FC16003310DC;
			productRefGroup = FD694F261E93FC16003310DC /* Products */;
			projectDirPath = "";
			projectRoot = "";
			targets = (
				FD694F241E93FC16003310DC /* BTAFirst */,
			);
		};
/* End PBXProject section */

/* Begin PBXResourcesBuildPhase section */
		FD694F231E93FC16003310DC /* Resources */ = {
			isa = PBXResourcesBuildPhase;
			buildActionMask = 2147483647;
			files = (
				FD694F331E93FC16003310DC /* LaunchScreen.storyboard in Resources */,
				FD694F301E93FC16003310DC /* Assets.xcassets in Resources */,
				FD694F2E1E93FC16003310DC /* Main.storyboard in Resources */,
			);
			runOnlyForDeploymentPostprocessing = 0;
		};
/* End PBXResourcesBuildPhase section */

/* Begin PBXSourcesBuildPhase section */
		FD694F211E93FC16003310DC /* Sources */ = {
			isa = PBXSourcesBuildPhase;
			buildActionMask = 2147483647;
			files = (
				FD694F2B1E93FC16003310DC /* ViewController.swift in Sources */,
				FD694F291E93FC16003310DC /* AppDelegate.swift in Sources */,
			);
			runOnlyForDeploymentPostprocessing = 0;
		};
/* End PBXSourcesBuildPhase section */

/* Begin PBXVariantGroup section */
		FD694F2C1E93FC16003310DC /* Main.storyboard */ = {
			isa = PBXVariantGroup;
			children = (
				FD694F2D1E93FC16003310DC /* Base */,
			);
			name = Main.storyboard;
			sourceTree = "<group>";
		};
		FD694F311E93FC16003310DC /* LaunchScreen.storyboard */ = {
			isa = PBXVariantGroup;
			children = (
				FD694F321E93FC16003310DC /* Base */,
			);
			name = LaunchScreen.storyboard;
			sourceTree = "<group>";
		};
/* End PBXVariantGroup section */

/* Begin XCBuildConfiguration section */
		FD694F351E93FC16003310DC /* Debug */ = {
			isa = XCBuildConfiguration;
			buildSettings = {
				ALWAYS_SEARCH_USER_PATHS = NO;
				CLANG_ANALYZER_NONNULL = YES;
				CLANG_ANALYZER_NUMBER_OBJECT_CONVERSION = YES_AGGRESSIVE;
				CLANG_CXX_LANGUAGE_STANDARD = "gnu++0x";
				CLANG_CXX_LIBRARY = "libc++";
				CLANG_ENABLE_MODULES = YES;
				CLANG_ENABLE_OBJC_ARC = YES;
				CLANG_WARN_BOOL_CONVERSION = YES;
				CLANG_WARN_CONSTANT_CONVERSION = YES;
				CLANG_WARN_DIRECT_OBJC_ISA_USAGE = YES_ERROR;
				CLANG_WARN_DOCUMENTATION_COMMENTS = YES;
				CLANG_WARN_EMPTY_BODY = YES;
				CLANG_WARN_ENUM_CONVERSION = YES;
				CLANG_WARN_INFINITE_RECURSION = YES;
				CLANG_WARN_INT_CONVERSION = YES;
				CLANG_WARN_OBJC_ROOT_CLASS = YES_ERROR;
				CLANG_WARN_SUSPICIOUS_MOVE = YES;
				CLANG_WARN_UNREACHABLE_CODE = YES;
				CLANG_WARN__DUPLICATE_METHOD_MATCH = YES;
				"CODE_SIGN_IDENTITY[sdk=iphoneos*]" = "iPhone Developer";
				COPY_PHASE_STRIP = NO;
				DEBUG_INFORMATION_FORMAT = dwarf;
				ENABLE_STRICT_OBJC_MSGSEND = YES;
				ENABLE_TESTABILITY = YES;
				GCC_C_LANGUAGE_STANDARD = gnu99;
				GCC_DYNAMIC_NO_PIC = NO;
				GCC_NO_COMMON_BLOCKS = YES;
				GCC_OPTIMIZATION_LEVEL = 0;
				GCC_PREPROCESSOR_DEFINITIONS = (
					"DEBUG=1",
					"$(inherited)",
				);
				GCC_WARN_64_TO_32_BIT_CONVERSION = YES;
				GCC_WARN_ABOUT_RETURN_TYPE = YES_ERROR;
				GCC_WARN_UNDECLARED_SELECTOR = YES;
				GCC_WARN_UNINITIALIZED_AUTOS = YES_AGGRESSIVE;
				GCC_WARN_UNUSED_FUNCTION = YES;
				GCC_WARN_UNUSED_VARIABLE = YES;
				IPHONEOS_DEPLOYMENT_TARGET = 10.3;
				MTL_ENABLE_DEBUG_INFO = YES;
				ONLY_ACTIVE_ARCH = YES;
				SDKROOT = iphoneos;
				SWIFT_ACTIVE_COMPILATION_CONDITIONS = DEBUG;
				SWIFT_OPTIMIZATION_LEVEL = "-Onone";
			};
			name = Debug;
		};
		FD694F361E93FC16003310DC /* Release */ = {
			isa = XCBuildConfiguration;
			buildSettings = {
				ALWAYS_SEARCH_USER_PATHS = NO;
				CLANG_ANALYZER_NONNULL = YES;
				CLANG_ANALYZER_NUMBER_OBJECT_CONVERSION = YES_AGGRESSIVE;
				CLANG_CXX_LANGUAGE_STANDARD = "gnu++0x";
				CLANG_CXX_LIBRARY = "libc++";
				CLANG_ENABLE_MODULES = YES;
				CLANG_ENABLE_OBJC_ARC = YES;
				CLANG_WARN_BOOL_CONVERSION = YES;
				CLANG_WARN_CONSTANT_CONVERSION = YES;
				CLANG_WARN_DIRECT_OBJC_ISA_USAGE = YES_ERROR;
				CLANG_WARN_DOCUMENTATION_COMMENTS = YES;
				CLANG_WARN_EMPTY_BODY = YES;
				CLANG_WARN_ENUM_CONVERSION = YES;
				CLANG_WARN_INFINITE_RECURSION = YES;
				CLANG_WARN_INT_CONVERSION = YES;
				CLANG_WARN_OBJC_ROOT_CLASS = YES_ERROR;
				CLANG_WARN_SUSPICIOUS_MOVE = YES;
				CLANG_WARN_UNREACHABLE_CODE = YES;
				CLANG_WARN__DUPLICATE_METHOD_MATCH = YES;
				"CODE_SIGN_IDENTITY[sdk=iphoneos*]" = "iPhone Developer";
				COPY_PHASE_STRIP = NO;
				DEBUG_INFORMATION_FORMAT = "dwarf-with-dsym";
				ENABLE_NS_ASSERTIONS = NO;
				ENABLE_STRICT_OBJC_MSGSEND = YES;
				GCC_C_LANGUAGE_STANDARD = gnu99;
				GCC_NO_COMMON_BLOCKS = YES;
				GCC_WARN_64_TO_32_BIT_CONVERSION = YES;
				GCC_WARN_ABOUT_RETURN_TYPE = YES_ERROR;
				GCC_WARN_UNDECLARED_SELECTOR = YES;
				GCC_WARN_UNINITIALIZED_AUTOS = YES_AGGRESSIVE;
				GCC_WARN_UNUSED_FUNCTION = YES;
				GCC_WARN_UNUSED_VARIABLE = YES;
				IPHONEOS_DEPLOYMENT_TARGET = 10.3;
				MTL_ENABLE_DEBUG_INFO = NO;
				SDKROOT = iphoneos;
				SWIFT_OPTIMIZATION_LEVEL = "-Owholemodule";
				VALIDATE_PRODUCT = YES;
			};
			name = Release;
		};
		FD694F381E93FC16003310DC /* Debug */ = {
			isa = XCBuildConfiguration;
			buildSettings = {
				ASSETCATALOG_COMPILER_APPICON_NAME = AppIcon;
				INFOPLIST_FILE = BTAFirst/Info.plist;
				LD_RUNPATH_SEARCH_PATHS = "$(inherited) @executable_path/Frameworks";
				PRODUCT_BUNDLE_IDENTIFIER = com.mpetkevic.BTAFirst;
				PRODUCT_NAME = "$(TARGET_NAME)";
				SWIFT_VERSION = 3.0;
			};
			name = Debug;
		};
		FD694F391E93FC16003310DC /* Release */ = {
			isa = XCBuildConfiguration;
			buildSettings = {
				ASSETCATALOG_COMPILER_APPICON_NAME = AppIcon;
				INFOPLIST_FILE = BTAFirst/Info.plist;
				LD_RUNPATH_SEARCH_PATHS = "$(inherited) @executable_path/Frameworks";
				PRODUCT_BUNDLE_IDENTIFIER = com.mpetkevic.BTAFirst;
				PRODUCT_NAME = "$(TARGET_NAME)";
				SWIFT_VERSION = 3.0;
			};
			name = Release;
		};
/* End XCBuildConfiguration section */

/* Begin XCConfigurationList section */
		FD694F201E93FC16003310DC /* Build configuration list for PBXProject "BTAFirst" */ = {
			isa = XCConfigurationList;
			buildConfigurations = (
				FD694F351E93FC16003310DC /* Debug */,
				FD694F361E93FC16003310DC /* Release */,
			);
			defaultConfigurationIsVisible = 0;
			defaultConfigurationName = Release;
		};
		FD694F371E93FC16003310DC /* Build configuration list for PBXNativeTarget "BTAFirst" */ = {
			isa = XCConfigurationList;
			buildConfigurations = (
				FD694F381E93FC16003310DC /* Debug */,
				FD694F391E93FC16003310DC /* Release */,
			);
			defaultConfigurationIsVisible = 0;
		};
/* End XCConfigurationList section */
	};
	rootObject = FD694F1D1E93FC16003310DC /* Project object */;
}
